
Microsoft Visual Studio Solution File, Format Version 12.00
# Visual Studio 15
VisualStudioVersion = 15.0.28307.489
MinimumVisualStudioVersion = 10.0.40219.1
Project("{FAE04EC0-301F-11D3-BF4B-00C04F79EFBC}") = "MappingExampleTry2", "MappingExampleTry2\MappingExampleTry2.csproj", "{762317CC-06EF-4EF3-952E-6066F02505F6}"
EndProject
Global
	GlobalSection(SolutionConfigurationPlatforms) = preSolution
		Debug|Any CPU = Debug|Any CPU
		Release|Any CPU = Release|Any CPU
	EndGlobalSection
	GlobalSection(ProjectConfigurationPlatforms) = postSolution
		{762317CC-06EF-4EF3-952E-6066F02505F6}.Debug|Any CPU.ActiveCfg = Debug|Any CPU
		{762317CC-06EF-4EF3-952E-6066F02505F6}.Debug|Any CPU.Build.0 = Debug|Any CPU
		{762317CC-06EF-4EF3-952E-6066F02505F6}.Release|Any CPU.ActiveCfg = Release|Any CPU
		{762317CC-06EF-4EF3-952E-6066F02505F6}.Release|Any CPU.Build.0 = Release|Any CPU
	EndGlobalSection
	GlobalSection(SolutionProperties) = preSolution
		HideSolutionNode = FALSE
	EndGlobalSection
	GlobalSection(ExtensibilityGlobals) = postSolution
		SolutionGuid = {6DC711D7-66B3-4C29-A02C-36A2B3BE71C5}
	EndGlobalSection
EndGlobal
